
Microsoft Visual Studio Solution File, Format Version 12.00
# Visual Studio Version 16
VisualStudioVersion = 16.0.30611.23
MinimumVisualStudioVersion = 10.0.40219.1
Project("{FAE04EC0-301F-11D3-BF4B-00C04F79EFBC}") = "GzipArchiver", "GzipArchiver.csproj", "{FCC1F519-3E4F-445E-A032-4ADD3FBF9322}"
EndProject
Global
	GlobalSection(SolutionConfigurationPlatforms) = preSolution
		Debug|Any CPU = Debug|Any CPU
		Release|Any CPU = Release|Any CPU
	EndGlobalSection
	GlobalSection(ProjectConfigurationPlatforms) = postSolution
		{FCC1F519-3E4F-445E-A032-4ADD3FBF9322}.Debug|Any CPU.ActiveCfg = Debug|Any CPU
		{FCC1F519-3E4F-445E-A032-4ADD3FBF9322}.Debug|Any CPU.Build.0 = Debug|Any CPU
		{FCC1F519-3E4F-445E-A032-4ADD3FBF9322}.Release|Any CPU.ActiveCfg = Release|Any CPU
		{FCC1F519-3E4F-445E-A032-4ADD3FBF9322}.Release|Any CPU.Build.0 = Release|Any CPU
	EndGlobalSection
	GlobalSection(SolutionProperties) = preSolution
		HideSolutionNode = FALSE
	EndGlobalSection
	GlobalSection(ExtensibilityGlobals) = postSolution
		SolutionGuid = {0F08C4AD-C2B3-4C0D-B82B-9FEDF7824C68}
	EndGlobalSection
EndGlobal
